
Microsoft Visual Studio Solution File, Format Version 12.00
# Visual Studio 2013
VisualStudioVersion = 12.0.30723.0
MinimumVisualStudioVersion = 10.0.40219.1
Project("{FAE04EC0-301F-11D3-BF4B-00C04F79EFBC}") = "UFO-API", "UFO-API\UFO-API.csproj", "{CAAC80D9-4871-48B0-B4E7-CBD70CFD0B52}"
EndProject
Project("{FAE04EC0-301F-11D3-BF4B-00C04F79EFBC}") = "test", "test\test.csproj", "{2C67B1F2-BDE6-4ABD-A2E0-E4A2B3510BEE}"
EndProject
Global
	GlobalSection(SolutionConfigurationPlatforms) = preSolution
		Debug|Any CPU = Debug|Any CPU
		Release|Any CPU = Release|Any CPU
	EndGlobalSection
	GlobalSection(ProjectConfigurationPlatforms) = postSolution
		{CAAC80D9-4871-48B0-B4E7-CBD70CFD0B52}.Debug|Any CPU.ActiveCfg = Debug|Any CPU
		{CAAC80D9-4871-48B0-B4E7-CBD70CFD0B52}.Debug|Any CPU.Build.0 = Debug|Any CPU
		{CAAC80D9-4871-48B0-B4E7-CBD70CFD0B52}.Release|Any CPU.ActiveCfg = Release|Any CPU
		{CAAC80D9-4871-48B0-B4E7-CBD70CFD0B52}.Release|Any CPU.Build.0 = Release|Any CPU
		{2C67B1F2-BDE6-4ABD-A2E0-E4A2B3510BEE}.Debug|Any CPU.ActiveCfg = Debug|Any CPU
		{2C67B1F2-BDE6-4ABD-A2E0-E4A2B3510BEE}.Debug|Any CPU.Build.0 = Debug|Any CPU
		{2C67B1F2-BDE6-4ABD-A2E0-E4A2B3510BEE}.Release|Any CPU.ActiveCfg = Release|Any CPU
		{2C67B1F2-BDE6-4ABD-A2E0-E4A2B3510BEE}.Release|Any CPU.Build.0 = Release|Any CPU
	EndGlobalSection
	GlobalSection(SolutionProperties) = preSolution
		HideSolutionNode = FALSE
	EndGlobalSection
EndGlobal
